
Microsoft Visual Studio Solution File, Format Version 12.00
# Visual Studio 15
VisualStudioVersion = 15.0.27130.0
MinimumVisualStudioVersion = 10.0.40219.1
Project("{2150E333-8FDC-42A3-9474-1A3956D46DE8}") = "Sources", "Sources", "{CC8DB471-0644-430D-9D4B-808A2475BEC0}"
	ProjectSection(SolutionItems) = preProject
		Source\Mapping.Direct3D1x.xml = Source\Mapping.Direct3D1x.xml
		Source\Mapping.xml = Source\Mapping.xml
		Source\MappingFiles.props = Source\MappingFiles.props
		Source\SharedAssemblyInfo.cs = Source\SharedAssemblyInfo.cs
	EndProjectSection
EndProject
Project("{9A19103F-16F7-4668-BE54-9A1E7A4F7556}") = "SharpDX", "Source\SharpDX\SharpDX.csproj", "{D0BCD56A-41C4-4A4E-8590-26864CED07FF}"
EndProject
Project("{9A19103F-16F7-4668-BE54-9A1E7A4F7556}") = "SharpDX.Direct3D11", "Source\SharpDX.Direct3D11\SharpDX.Direct3D11.csproj", "{736DFB52-1AFE-4EFF-9710-89046AB5B1F9}"
EndProject
Project("{9A19103F-16F7-4668-BE54-9A1E7A4F7556}") = "SharpDX.DXGI", "Source\SharpDX.DXGI\SharpDX.DXGI.csproj", "{3FC6DE77-B412-4101-9E64-6B9AA831179B}"
EndProject
Project("{9A19103F-16F7-4668-BE54-9A1E7A4F7556}") = "SharpDX.Direct3D9", "Source\SharpDX.Direct3D9\SharpDX.Direct3D9.csproj", "{B4D984DF-85B8-4BBF-8C3B-5CEF905F40D9}"
EndProject
Project("{2150E333-8FDC-42A3-9474-1A3956D46DE8}") = "Tests", "Tests", "{1B526C0E-EE4A-4E8F-BF8F-8C7397FB4918}"
EndProject
Project("{9A19103F-16F7-4668-BE54-9A1E7A4F7556}") = "SharpDX.MediaFoundation", "Source\SharpDX.MediaFoundation\SharpDX.MediaFoundation.csproj", "{CA21A201-078B-4EBE-A2AB-C3B1FFEC99F9}"
EndProject
Project("{2150E333-8FDC-42A3-9474-1A3956D46DE8}") = "Build", "Build", "{3EF31A42-4EEF-44AC-8D18-D036D080A955}"
	ProjectSection(SolutionItems) = preProject
		Source\Directory.build.props = Source\Directory.build.props
		Source\Directory.build.targets = Source\Directory.build.targets
	EndProjectSection
EndProject
Project("{9A19103F-16F7-4668-BE54-9A1E7A4F7556}") = "DxvaTest", "DxvaTest\DxvaTest.csproj", "{1F264BD2-7248-4428-B3E9-AC35AFE5F1B1}"
EndProject
Project("{2150E333-8FDC-42A3-9474-1A3956D46DE8}") = "Solution Items", "Solution Items", "{E54809AD-0145-442F-A628-6B5549BC2211}"
	ProjectSection(SolutionItems) = preProject
		Important_PleaseRead.md = Important_PleaseRead.md
	EndProjectSection
EndProject
Global
	GlobalSection(SolutionConfigurationPlatforms) = preSolution
		Debug|Any CPU = Debug|Any CPU
		Release|Any CPU = Release|Any CPU
	EndGlobalSection
	GlobalSection(ProjectConfigurationPlatforms) = postSolution
		{D0BCD56A-41C4-4A4E-8590-26864CED07FF}.Debug|Any CPU.ActiveCfg = Debug|Any CPU
		{D0BCD56A-41C4-4A4E-8590-26864CED07FF}.Debug|Any CPU.Build.0 = Debug|Any CPU
		{D0BCD56A-41C4-4A4E-8590-26864CED07FF}.Release|Any CPU.ActiveCfg = Release|Any CPU
		{D0BCD56A-41C4-4A4E-8590-26864CED07FF}.Release|Any CPU.Build.0 = Release|Any CPU
		{736DFB52-1AFE-4EFF-9710-89046AB5B1F9}.Debug|Any CPU.ActiveCfg = Debug|Any CPU
		{736DFB52-1AFE-4EFF-9710-89046AB5B1F9}.Debug|Any CPU.Build.0 = Debug|Any CPU
		{736DFB52-1AFE-4EFF-9710-89046AB5B1F9}.Release|Any CPU.ActiveCfg = Release|Any CPU
		{736DFB52-1AFE-4EFF-9710-89046AB5B1F9}.Release|Any CPU.Build.0 = Release|Any CPU
		{3FC6DE77-B412-4101-9E64-6B9AA831179B}.Debug|Any CPU.ActiveCfg = Debug|Any CPU
		{3FC6DE77-B412-4101-9E64-6B9AA831179B}.Debug|Any CPU.Build.0 = Debug|Any CPU
		{3FC6DE77-B412-4101-9E64-6B9AA831179B}.Release|Any CPU.ActiveCfg = Release|Any CPU
		{3FC6DE77-B412-4101-9E64-6B9AA831179B}.Release|Any CPU.Build.0 = Release|Any CPU
		{B4D984DF-85B8-4BBF-8C3B-5CEF905F40D9}.Debug|Any CPU.ActiveCfg = Debug|Any CPU
		{B4D984DF-85B8-4BBF-8C3B-5CEF905F40D9}.Debug|Any CPU.Build.0 = Debug|Any CPU
		{B4D984DF-85B8-4BBF-8C3B-5CEF905F40D9}.Release|Any CPU.ActiveCfg = Release|Any CPU
		{B4D984DF-85B8-4BBF-8C3B-5CEF905F40D9}.Release|Any CPU.Build.0 = Release|Any CPU
		{CA21A201-078B-4EBE-A2AB-C3B1FFEC99F9}.Debug|Any CPU.ActiveCfg = Debug|Any CPU
		{CA21A201-078B-4EBE-A2AB-C3B1FFEC99F9}.Debug|Any CPU.Build.0 = Debug|Any CPU
		{CA21A201-078B-4EBE-A2AB-C3B1FFEC99F9}.Release|Any CPU.ActiveCfg = Release|Any CPU
		{CA21A201-078B-4EBE-A2AB-C3B1FFEC99F9}.Release|Any CPU.Build.0 = Release|Any CPU
		{1F264BD2-7248-4428-B3E9-AC35AFE5F1B1}.Debug|Any CPU.ActiveCfg = Debug|Any CPU
		{1F264BD2-7248-4428-B3E9-AC35AFE5F1B1}.Debug|Any CPU.Build.0 = Debug|Any CPU
		{1F264BD2-7248-4428-B3E9-AC35AFE5F1B1}.Release|Any CPU.ActiveCfg = Release|Any CPU
		{1F264BD2-7248-4428-B3E9-AC35AFE5F1B1}.Release|Any CPU.Build.0 = Release|Any CPU
	EndGlobalSection
	GlobalSection(SolutionProperties) = preSolution
		HideSolutionNode = FALSE
	EndGlobalSection
	GlobalSection(NestedProjects) = preSolution
		{D0BCD56A-41C4-4A4E-8590-26864CED07FF} = {CC8DB471-0644-430D-9D4B-808A2475BEC0}
		{736DFB52-1AFE-4EFF-9710-89046AB5B1F9} = {CC8DB471-0644-430D-9D4B-808A2475BEC0}
		{3FC6DE77-B412-4101-9E64-6B9AA831179B} = {CC8DB471-0644-430D-9D4B-808A2475BEC0}
		{B4D984DF-85B8-4BBF-8C3B-5CEF905F40D9} = {CC8DB471-0644-430D-9D4B-808A2475BEC0}
		{CA21A201-078B-4EBE-A2AB-C3B1FFEC99F9} = {CC8DB471-0644-430D-9D4B-808A2475BEC0}
		{1F264BD2-7248-4428-B3E9-AC35AFE5F1B1} = {1B526C0E-EE4A-4E8F-BF8F-8C7397FB4918}
	EndGlobalSection
	GlobalSection(ExtensibilityGlobals) = postSolution
		SolutionGuid = {4DB4E6D7-1EEE-47F3-9530-F142104A7AC2}
	EndGlobalSection
EndGlobal
